
Microsoft Visual Studio Solution File, Format Version 12.00
# Visual Studio Version 16
VisualStudioVersion = 16.0.32602.291
MinimumVisualStudioVersion = 10.0.40219.1
Project("{FAE04EC0-301F-11D3-BF4B-00C04F79EFBC}") = "WriteIP_V4", "WriteIP_V4\WriteIP_V4.csproj", "{0CEBBADD-D7DD-495B-B61B-06EC8012B653}"
EndProject
Global
	GlobalSection(SolutionConfigurationPlatforms) = preSolution
		Debug|Any CPU = Debug|Any CPU
		Release|Any CPU = Release|Any CPU
	EndGlobalSection
	GlobalSection(ProjectConfigurationPlatforms) = postSolution
		{0CEBBADD-D7DD-495B-B61B-06EC8012B653}.Debug|Any CPU.ActiveCfg = Debug|Any CPU
		{0CEBBADD-D7DD-495B-B61B-06EC8012B653}.Debug|Any CPU.Build.0 = Debug|Any CPU
		{0CEBBADD-D7DD-495B-B61B-06EC8012B653}.Release|Any CPU.ActiveCfg = Release|Any CPU
		{0CEBBADD-D7DD-495B-B61B-06EC8012B653}.Release|Any CPU.Build.0 = Release|Any CPU
	EndGlobalSection
	GlobalSection(SolutionProperties) = preSolution
		HideSolutionNode = FALSE
	EndGlobalSection
	GlobalSection(ExtensibilityGlobals) = postSolution
		SolutionGuid = {FFB53635-BC66-4063-9989-073B77D3C28C}
	EndGlobalSection
EndGlobal
